
Microsoft Visual Studio Solution File, Format Version 12.00
# Visual Studio 15
VisualStudioVersion = 15.0.28307.572
MinimumVisualStudioVersion = 10.0.40219.1
Project("{FAE04EC0-301F-11D3-BF4B-00C04F79EFBC}") = "wpfMain", "Trabalho Pratico Ntier LPII\wpfMain.csproj", "{F2559FEF-C0FF-450E-A862-8A9AA6307D8C}"
EndProject
Project("{FAE04EC0-301F-11D3-BF4B-00C04F79EFBC}") = "BORestaurante", "BORestaurante\BORestaurante.csproj", "{25319670-3F39-4AD1-B897-B8A851148A06}"
EndProject
Project("{FAE04EC0-301F-11D3-BF4B-00C04F79EFBC}") = "BDDadosRestaurante", "BDDadosRestaurante\BDDadosRestaurante.csproj", "{D00D1880-C109-43D1-B3AF-E15880A15BEB}"
EndProject
Project("{FAE04EC0-301F-11D3-BF4B-00C04F79EFBC}") = "Varios", "Varios\Varios.csproj", "{C49762A6-154D-4F3C-9177-FA8AA247F660}"
EndProject
Project("{FAE04EC0-301F-11D3-BF4B-00C04F79EFBC}") = "BLRestaurante", "BLRestaurante\BLRestaurante.csproj", "{16D24456-26BE-4FF7-93B7-E1E2D6A00FF3}"
EndProject
Global
	GlobalSection(SolutionConfigurationPlatforms) = preSolution
		Debug|Any CPU = Debug|Any CPU
		Release|Any CPU = Release|Any CPU
	EndGlobalSection
	GlobalSection(ProjectConfigurationPlatforms) = postSolution
		{F2559FEF-C0FF-450E-A862-8A9AA6307D8C}.Debug|Any CPU.ActiveCfg = Debug|Any CPU
		{F2559FEF-C0FF-450E-A862-8A9AA6307D8C}.Debug|Any CPU.Build.0 = Debug|Any CPU
		{F2559FEF-C0FF-450E-A862-8A9AA6307D8C}.Release|Any CPU.ActiveCfg = Release|Any CPU
		{F2559FEF-C0FF-450E-A862-8A9AA6307D8C}.Release|Any CPU.Build.0 = Release|Any CPU
		{25319670-3F39-4AD1-B897-B8A851148A06}.Debug|Any CPU.ActiveCfg = Debug|Any CPU
		{25319670-3F39-4AD1-B897-B8A851148A06}.Debug|Any CPU.Build.0 = Debug|Any CPU
		{25319670-3F39-4AD1-B897-B8A851148A06}.Release|Any CPU.ActiveCfg = Release|Any CPU
		{25319670-3F39-4AD1-B897-B8A851148A06}.Release|Any CPU.Build.0 = Release|Any CPU
		{D00D1880-C109-43D1-B3AF-E15880A15BEB}.Debug|Any CPU.ActiveCfg = Debug|Any CPU
		{D00D1880-C109-43D1-B3AF-E15880A15BEB}.Debug|Any CPU.Build.0 = Debug|Any CPU
		{D00D1880-C109-43D1-B3AF-E15880A15BEB}.Release|Any CPU.ActiveCfg = Release|Any CPU
		{D00D1880-C109-43D1-B3AF-E15880A15BEB}.Release|Any CPU.Build.0 = Release|Any CPU
		{C49762A6-154D-4F3C-9177-FA8AA247F660}.Debug|Any CPU.ActiveCfg = Debug|Any CPU
		{C49762A6-154D-4F3C-9177-FA8AA247F660}.Debug|Any CPU.Build.0 = Debug|Any CPU
		{C49762A6-154D-4F3C-9177-FA8AA247F660}.Release|Any CPU.ActiveCfg = Release|Any CPU
		{C49762A6-154D-4F3C-9177-FA8AA247F660}.Release|Any CPU.Build.0 = Release|Any CPU
		{16D24456-26BE-4FF7-93B7-E1E2D6A00FF3}.Debug|Any CPU.ActiveCfg = Debug|Any CPU
		{16D24456-26BE-4FF7-93B7-E1E2D6A00FF3}.Debug|Any CPU.Build.0 = Debug|Any CPU
		{16D24456-26BE-4FF7-93B7-E1E2D6A00FF3}.Release|Any CPU.ActiveCfg = Release|Any CPU
		{16D24456-26BE-4FF7-93B7-E1E2D6A00FF3}.Release|Any CPU.Build.0 = Release|Any CPU
	EndGlobalSection
	GlobalSection(SolutionProperties) = preSolution
		HideSolutionNode = FALSE
	EndGlobalSection
	GlobalSection(ExtensibilityGlobals) = postSolution
		SolutionGuid = {1EE124C7-8A90-435C-9DD9-944A53F17FC6}
	EndGlobalSection
EndGlobal
